
Microsoft Visual Studio Solution File, Format Version 12.00
# Visual Studio 15
VisualStudioVersion = 15.0.28307.1525
MinimumVisualStudioVersion = 10.0.40219.1
Project("{FAE04EC0-301F-11D3-BF4B-00C04F79EFBC}") = "NeoKCLCreate", "NeoKCLCreate\NeoKCLCreate.csproj", "{A448AF3D-F521-45C7-91F5-1BF0CF1E8E7D}"
EndProject
Global
	GlobalSection(SolutionConfigurationPlatforms) = preSolution
		Debug|Any CPU = Debug|Any CPU
		Release|Any CPU = Release|Any CPU
	EndGlobalSection
	GlobalSection(ProjectConfigurationPlatforms) = postSolution
		{A448AF3D-F521-45C7-91F5-1BF0CF1E8E7D}.Debug|Any CPU.ActiveCfg = Debug|Any CPU
		{A448AF3D-F521-45C7-91F5-1BF0CF1E8E7D}.Debug|Any CPU.Build.0 = Debug|Any CPU
		{A448AF3D-F521-45C7-91F5-1BF0CF1E8E7D}.Release|Any CPU.ActiveCfg = Release|Any CPU
		{A448AF3D-F521-45C7-91F5-1BF0CF1E8E7D}.Release|Any CPU.Build.0 = Release|Any CPU
	EndGlobalSection
	GlobalSection(SolutionProperties) = preSolution
		HideSolutionNode = FALSE
	EndGlobalSection
	GlobalSection(ExtensibilityGlobals) = postSolution
		SolutionGuid = {9EF90719-BB6B-4E26-ADFA-169F68F7FF10}
	EndGlobalSection
EndGlobal
